
Microsoft Visual Studio Solution File, Format Version 12.00
# Visual Studio Version 17
VisualStudioVersion = 17.0.31903.59
MinimumVisualStudioVersion = 10.0.40219.1
Project("{FAE04EC0-301F-11D3-BF4B-00C04F79EFBC}") = "Olivianet.Controller.WebApp", "Olivianet.Controller.WebApp\Olivianet.Controller.WebApp.csproj", "{D66EF168-7E9E-44A3-9E30-9D8E7F1DD3F3}"
EndProject
Global
	GlobalSection(SolutionConfigurationPlatforms) = preSolution
		Debug|Any CPU = Debug|Any CPU
		Release|Any CPU = Release|Any CPU
	EndGlobalSection
	GlobalSection(ProjectConfigurationPlatforms) = postSolution
		{D66EF168-7E9E-44A3-9E30-9D8E7F1DD3F3}.Debug|Any CPU.ActiveCfg = Debug|Any CPU
		{D66EF168-7E9E-44A3-9E30-9D8E7F1DD3F3}.Debug|Any CPU.Build.0 = Debug|Any CPU
		{D66EF168-7E9E-44A3-9E30-9D8E7F1DD3F3}.Release|Any CPU.ActiveCfg = Release|Any CPU
		{D66EF168-7E9E-44A3-9E30-9D8E7F1DD3F3}.Release|Any CPU.Build.0 = Release|Any CPU
	EndGlobalSection
	GlobalSection(SolutionProperties) = preSolution
		HideSolutionNode = FALSE
	EndGlobalSection
	GlobalSection(ExtensibilityGlobals) = postSolution
		SolutionGuid = {04FDB8D5-021C-4CF7-96FD-1CAD0B62F440}
	EndGlobalSection
EndGlobal
